// !$*UTF8*$!
{
	archiveVersion = 1;
	classes = {
	};
	objectVersion = 48;
	objects = {

/* Begin PBXBuildFile section */
		04012B812053D75A003A136B /* DatePickerViewController.swift in Sources */ = {isa = PBXBuildFile; fileRef = 04012B802053D75A003A136B /* DatePickerViewController.swift */; };
		04B46D54205532B200D89833 /* DateRange.swift in Sources */ = {isa = PBXBuildFile; fileRef = 04B46D53205532B200D89833 /* DateRange.swift */; };
		04B46D6620561E1600D89833 /* DataService.swift in Sources */ = {isa = PBXBuildFile; fileRef = 04B46D5B20561E1600D89833 /* DataService.swift */; };
		04B46D7A20561F2300D89833 /* BaseModel.swift in Sources */ = {isa = PBXBuildFile; fileRef = 04B46D6E20561F2300D89833 /* BaseModel.swift */; };
		04B46D8020561F2300D89833 /* Sensor.swift in Sources */ = {isa = PBXBuildFile; fileRef = 04B46D7420561F2300D89833 /* Sensor.swift */; };
		04B46D8120561F2300D89833 /* Models.swift in Sources */ = {isa = PBXBuildFile; fileRef = 04B46D7520561F2300D89833 /* Models.swift */; };
		04B46D8420561F2300D89833 /* User.swift in Sources */ = {isa = PBXBuildFile; fileRef = 04B46D7820561F2300D89833 /* User.swift */; };
		04B46D86205630B800D89833 /* BalloonMarker.swift in Sources */ = {isa = PBXBuildFile; fileRef = 04B46D85205630B800D89833 /* BalloonMarker.swift */; };
		04F5FEB32052E6D4001066CB /* AppDelegate.swift in Sources */ = {isa = PBXBuildFile; fileRef = 04F5FEB22052E6D4001066CB /* AppDelegate.swift */; };
		04F5FEB52052E6D4001066CB /* LoginViewController.swift in Sources */ = {isa = PBXBuildFile; fileRef = 04F5FEB42052E6D4001066CB /* LoginViewController.swift */; };
		04F5FEB82052E6D4001066CB /* Main.storyboard in Resources */ = {isa = PBXBuildFile; fileRef = 04F5FEB62052E6D4001066CB /* Main.storyboard */; };
		04F5FEBA2052E6D4001066CB /* Assets.xcassets in Resources */ = {isa = PBXBuildFile; fileRef = 04F5FEB92052E6D4001066CB /* Assets.xcassets */; };
		04F5FEBD2052E6D4001066CB /* LaunchScreen.storyboard in Resources */ = {isa = PBXBuildFile; fileRef = 04F5FEBB2052E6D4001066CB /* LaunchScreen.storyboard */; };
		04F5FEC52052E8FF001066CB /* GoogleService-Info.plist in Resources */ = {isa = PBXBuildFile; fileRef = 04F5FEC42052E8FF001066CB /* GoogleService-Info.plist */; };
		04F5FED52052EB08001066CB /* Roboto-Black.ttf in Resources */ = {isa = PBXBuildFile; fileRef = 04F5FEC82052EB08001066CB /* Roboto-Black.ttf */; };
		04F5FED62052EB08001066CB /* Roboto-BlackItalic.ttf in Resources */ = {isa = PBXBuildFile; fileRef = 04F5FEC92052EB08001066CB /* Roboto-BlackItalic.ttf */; };
		04F5FED72052EB08001066CB /* Roboto-Bold.ttf in Resources */ = {isa = PBXBuildFile; fileRef = 04F5FECA2052EB08001066CB /* Roboto-Bold.ttf */; };
		04F5FED82052EB08001066CB /* Roboto-BoldItalic.ttf in Resources */ = {isa = PBXBuildFile; fileRef = 04F5FECB2052EB08001066CB /* Roboto-BoldItalic.ttf */; };
		04F5FED92052EB08001066CB /* Roboto-Italic.ttf in Resources */ = {isa = PBXBuildFile; fileRef = 04F5FECC2052EB08001066CB /* Roboto-Italic.ttf */; };
		04F5FEDA2052EB08001066CB /* Roboto-Light.ttf in Resources */ = {isa = PBXBuildFile; fileRef = 04F5FECD2052EB08001066CB /* Roboto-Light.ttf */; };
		04F5FEDB2052EB08001066CB /* Roboto-LightItalic.ttf in Resources */ = {isa = PBXBuildFile; fileRef = 04F5FECE2052EB08001066CB /* Roboto-LightItalic.ttf */; };
		04F5FEDC2052EB08001066CB /* Roboto-Medium.ttf in Resources */ = {isa = PBXBuildFile; fileRef = 04F5FECF2052EB08001066CB /* Roboto-Medium.ttf */; };
		04F5FEDD2052EB08001066CB /* Roboto-MediumItalic.ttf in Resources */ = {isa = PBXBuildFile; fileRef = 04F5FED02052EB08001066CB /* Roboto-MediumItalic.ttf */; };
		04F5FEDE2052EB08001066CB /* Roboto-Regular.ttf in Resources */ = {isa = PBXBuildFile; fileRef = 04F5FED12052EB08001066CB /* Roboto-Regular.ttf */; };
		04F5FEDF2052EB08001066CB /* Roboto-Thin.ttf in Resources */ = {isa = PBXBuildFile; fileRef = 04F5FED22052EB08001066CB /* Roboto-Thin.ttf */; };
		04F5FEE02052EB08001066CB /* Roboto-ThinItalic.ttf in Resources */ = {isa = PBXBuildFile; fileRef = 04F5FED32052EB08001066CB /* Roboto-ThinItalic.ttf */; };
		04F5FEE12052EB08001066CB /* SF-UI-Text-Regular.otf in Resources */ = {isa = PBXBuildFile; fileRef = 04F5FED42052EB08001066CB /* SF-UI-Text-Regular.otf */; };
		04F5FEE42052EE71001066CB /* MainViewController.swift in Sources */ = {isa = PBXBuildFile; fileRef = 04F5FEE32052EE71001066CB /* MainViewController.swift */; };
		04F5FEED2052EF50001066CB /* Constants.swift in Sources */ = {isa = PBXBuildFile; fileRef = 04F5FEE62052EF50001066CB /* Constants.swift */; };
		04F5FEEE2052EF50001066CB /* DateExtension.swift in Sources */ = {isa = PBXBuildFile; fileRef = 04F5FEE72052EF50001066CB /* DateExtension.swift */; };
		04F5FEEF2052EF50001066CB /* Extensions.swift in Sources */ = {isa = PBXBuildFile; fileRef = 04F5FEE82052EF50001066CB /* Extensions.swift */; };
		04F5FEF02052EF50001066CB /* NotificationHandler.swift in Sources */ = {isa = PBXBuildFile; fileRef = 04F5FEE92052EF50001066CB /* NotificationHandler.swift */; };
		04F5FEF12052EF50001066CB /* SegueHandler.swift in Sources */ = {isa = PBXBuildFile; fileRef = 04F5FEEA2052EF50001066CB /* SegueHandler.swift */; };
		04F5FEF32052EF50001066CB /* StoryboardHandler.swift in Sources */ = {isa = PBXBuildFile; fileRef = 04F5FEEC2052EF50001066CB /* StoryboardHandler.swift */; };
		04F5FEF82052EF90001066CB /* AsyncBlockOperation.swift in Sources */ = {isa = PBXBuildFile; fileRef = 04F5FEF52052EF90001066CB /* AsyncBlockOperation.swift */; };
		04F5FEF92052EF90001066CB /* DateUtil.swift in Sources */ = {isa = PBXBuildFile; fileRef = 04F5FEF62052EF90001066CB /* DateUtil.swift */; };
		04F5FEFA2052EF90001066CB /* MapUtil.swift in Sources */ = {isa = PBXBuildFile; fileRef = 04F5FEF72052EF90001066CB /* MapUtil.swift */; };
		04F5FEFD2052F028001066CB /* FontExtension.swift in Sources */ = {isa = PBXBuildFile; fileRef = 04F5FEFC2052F027001066CB /* FontExtension.swift */; };
		04F5FF002052FF41001066CB /* LargeValueFormatter.swift in Sources */ = {isa = PBXBuildFile; fileRef = 04F5FEFF2052FF41001066CB /* LargeValueFormatter.swift */; };
		04F5FF022052FF57001066CB /* IntAxisValueFormatter.swift in Sources */ = {isa = PBXBuildFile; fileRef = 04F5FF012052FF57001066CB /* IntAxisValueFormatter.swift */; };
		1C19804A503FD9A78EF44E3A /* Pods_javi_mobile.framework in Frameworks */ = {isa = PBXBuildFile; fileRef = 6DD1830702489ACD39A65D50 /* Pods_javi_mobile.framework */; };
/* End PBXBuildFile section */

/* Begin PBXFileReference section */
		04012B802053D75A003A136B /* DatePickerViewController.swift */ = {isa = PBXFileReference; lastKnownFileType = sourcecode.swift; path = DatePickerViewController.swift; sourceTree = "<group>"; };
		04B46D53205532B200D89833 /* DateRange.swift */ = {isa = PBXFileReference; fileEncoding = 4; lastKnownFileType = sourcecode.swift; path = DateRange.swift; sourceTree = "<group>"; };
		04B46D5B20561E1600D89833 /* DataService.swift */ = {isa = PBXFileReference; fileEncoding = 4; lastKnownFileType = sourcecode.swift; path = DataService.swift; sourceTree = "<group>"; };
		04B46D6E20561F2300D89833 /* BaseModel.swift */ = {isa = PBXFileReference; fileEncoding = 4; lastKnownFileType = sourcecode.swift; path = BaseModel.swift; sourceTree = "<group>"; };
		04B46D7420561F2300D89833 /* Sensor.swift */ = {isa = PBXFileReference; fileEncoding = 4; lastKnownFileType = sourcecode.swift; path = Sensor.swift; sourceTree = "<group>"; };
		04B46D7520561F2300D89833 /* Models.swift */ = {isa = PBXFileReference; fileEncoding = 4; lastKnownFileType = sourcecode.swift; path = Models.swift; sourceTree = "<group>"; };
		04B46D7820561F2300D89833 /* User.swift */ = {isa = PBXFileReference; fileEncoding = 4; lastKnownFileType = sourcecode.swift; path = User.swift; sourceTree = "<group>"; };
		04B46D85205630B800D89833 /* BalloonMarker.swift */ = {isa = PBXFileReference; fileEncoding = 4; lastKnownFileType = sourcecode.swift; path = BalloonMarker.swift; sourceTree = "<group>"; };
		04F5FEAF2052E6D4001066CB /* javi_mobile.app */ = {isa = PBXFileReference; explicitFileType = wrapper.application; includeInIndex = 0; path = javi_mobile.app; sourceTree = BUILT_PRODUCTS_DIR; };
		04F5FEB22052E6D4001066CB /* AppDelegate.swift */ = {isa = PBXFileReference; lastKnownFileType = sourcecode.swift; path = AppDelegate.swift; sourceTree = "<group>"; };
		04F5FEB42052E6D4001066CB /* LoginViewController.swift */ = {isa = PBXFileReference; lastKnownFileType = sourcecode.swift; path = LoginViewController.swift; sourceTree = "<group>"; };
		04F5FEB72052E6D4001066CB /* Base */ = {isa = PBXFileReference; lastKnownFileType = file.storyboard; name = Base; path = Base.lproj/Main.storyboard; sourceTree = "<group>"; };
		04F5FEB92052E6D4001066CB /* Assets.xcassets */ = {isa = PBXFileReference; lastKnownFileType = folder.assetcatalog; path = Assets.xcassets; sourceTree = "<group>"; };
		04F5FEBC2052E6D4001066CB /* Base */ = {isa = PBXFileReference; lastKnownFileType = file.storyboard; name = Base; path = Base.lproj/LaunchScreen.storyboard; sourceTree = "<group>"; };
		04F5FEBE2052E6D4001066CB /* Info.plist */ = {isa = PBXFileReference; lastKnownFileType = text.plist.xml; path = Info.plist; sourceTree = "<group>"; };
		04F5FEC42052E8FF001066CB /* GoogleService-Info.plist */ = {isa = PBXFileReference; fileEncoding = 4; lastKnownFileType = text.plist.xml; path = "GoogleService-Info.plist"; sourceTree = "<group>"; };
		04F5FEC82052EB08001066CB /* Roboto-Black.ttf */ = {isa = PBXFileReference; lastKnownFileType = file; path = "Roboto-Black.ttf"; sourceTree = "<group>"; };
		04F5FEC92052EB08001066CB /* Roboto-BlackItalic.ttf */ = {isa = PBXFileReference; lastKnownFileType = file; path = "Roboto-BlackItalic.ttf"; sourceTree = "<group>"; };
		04F5FECA2052EB08001066CB /* Roboto-Bold.ttf */ = {isa = PBXFileReference; lastKnownFileType = file; path = "Roboto-Bold.ttf"; sourceTree = "<group>"; };
		04F5FECB2052EB08001066CB /* Roboto-BoldItalic.ttf */ = {isa = PBXFileReference; lastKnownFileType = file; path = "Roboto-BoldItalic.ttf"; sourceTree = "<group>"; };
		04F5FECC2052EB08001066CB /* Roboto-Italic.ttf */ = {isa = PBXFileReference; lastKnownFileType = file; path = "Roboto-Italic.ttf"; sourceTree = "<group>"; };
		04F5FECD2052EB08001066CB /* Roboto-Light.ttf */ = {isa = PBXFileReference; lastKnownFileType = file; path = "Roboto-Light.ttf"; sourceTree = "<group>"; };
		04F5FECE2052EB08001066CB /* Roboto-LightItalic.ttf */ = {isa = PBXFileReference; lastKnownFileType = file; path = "Roboto-LightItalic.ttf"; sourceTree = "<group>"; };
		04F5FECF2052EB08001066CB /* Roboto-Medium.ttf */ = {isa = PBXFileReference; lastKnownFileType = file; path = "Roboto-Medium.ttf"; sourceTree = "<group>"; };
		04F5FED02052EB08001066CB /* Roboto-MediumItalic.ttf */ = {isa = PBXFileReference; lastKnownFileType = file; path = "Roboto-MediumItalic.ttf"; sourceTree = "<group>"; };
		04F5FED12052EB08001066CB /* Roboto-Regular.ttf */ = {isa = PBXFileReference; lastKnownFileType = file; path = "Roboto-Regular.ttf"; sourceTree = "<group>"; };
		04F5FED22052EB08001066CB /* Roboto-Thin.ttf */ = {isa = PBXFileReference; lastKnownFileType = file; path = "Roboto-Thin.ttf"; sourceTree = "<group>"; };
		04F5FED32052EB08001066CB /* Roboto-ThinItalic.ttf */ = {isa = PBXFileReference; lastKnownFileType = file; path = "Roboto-ThinItalic.ttf"; sourceTree = "<group>"; };
		04F5FED42052EB08001066CB /* SF-UI-Text-Regular.otf */ = {isa = PBXFileReference; lastKnownFileType = file; path = "SF-UI-Text-Regular.otf"; sourceTree = "<group>"; };
		04F5FEE32052EE71001066CB /* MainViewController.swift */ = {isa = PBXFileReference; lastKnownFileType = sourcecode.swift; path = MainViewController.swift; sourceTree = "<group>"; };
		04F5FEE62052EF50001066CB /* Constants.swift */ = {isa = PBXFileReference; fileEncoding = 4; lastKnownFileType = sourcecode.swift; path = Constants.swift; sourceTree = "<group>"; };
		04F5FEE72052EF50001066CB /* DateExtension.swift */ = {isa = PBXFileReference; fileEncoding = 4; lastKnownFileType = sourcecode.swift; path = DateExtension.swift; sourceTree = "<group>"; };
		04F5FEE82052EF50001066CB /* Extensions.swift */ = {isa = PBXFileReference; fileEncoding = 4; lastKnownFileType = sourcecode.swift; path = Extensions.swift; sourceTree = "<group>"; };
		04F5FEE92052EF50001066CB /* NotificationHandler.swift */ = {isa = PBXFileReference; fileEncoding = 4; lastKnownFileType = sourcecode.swift; path = NotificationHandler.swift; sourceTree = "<group>"; };
		04F5FEEA2052EF50001066CB /* SegueHandler.swift */ = {isa = PBXFileReference; fileEncoding = 4; lastKnownFileType = sourcecode.swift; path = SegueHandler.swift; sourceTree = "<group>"; };
		04F5FEEC2052EF50001066CB /* StoryboardHandler.swift */ = {isa = PBXFileReference; fileEncoding = 4; lastKnownFileType = sourcecode.swift; path = StoryboardHandler.swift; sourceTree = "<group>"; };
		04F5FEF52052EF90001066CB /* AsyncBlockOperation.swift */ = {isa = PBXFileReference; fileEncoding = 4; lastKnownFileType = sourcecode.swift; path = AsyncBlockOperation.swift; sourceTree = "<group>"; };
		04F5FEF62052EF90001066CB /* DateUtil.swift */ = {isa = PBXFileReference; fileEncoding = 4; lastKnownFileType = sourcecode.swift; path = DateUtil.swift; sourceTree = "<group>"; };
		04F5FEF72052EF90001066CB /* MapUtil.swift */ = {isa = PBXFileReference; fileEncoding = 4; lastKnownFileType = sourcecode.swift; path = MapUtil.swift; sourceTree = "<group>"; };
		04F5FEFC2052F027001066CB /* FontExtension.swift */ = {isa = PBXFileReference; fileEncoding = 4; lastKnownFileType = sourcecode.swift; path = FontExtension.swift; sourceTree = "<group>"; };
		04F5FEFF2052FF41001066CB /* LargeValueFormatter.swift */ = {isa = PBXFileReference; fileEncoding = 4; lastKnownFileType = sourcecode.swift; path = LargeValueFormatter.swift; sourceTree = "<group>"; };
		04F5FF012052FF57001066CB /* IntAxisValueFormatter.swift */ = {isa = PBXFileReference; fileEncoding = 4; lastKnownFileType = sourcecode.swift; path = IntAxisValueFormatter.swift; sourceTree = "<group>"; };
		452BBDBF691BEF5192914841 /* Pods-javi_mobile.release.xcconfig */ = {isa = PBXFileReference; includeInIndex = 1; lastKnownFileType = text.xcconfig; name = "Pods-javi_mobile.release.xcconfig"; path = "Pods/Target Support Files/Pods-javi_mobile/Pods-javi_mobile.release.xcconfig"; sourceTree = "<group>"; };
		6DD1830702489ACD39A65D50 /* Pods_javi_mobile.framework */ = {isa = PBXFileReference; explicitFileType = wrapper.framework; includeInIndex = 0; path = Pods_javi_mobile.framework; sourceTree = BUILT_PRODUCTS_DIR; };
		C85D6DA26A3C8FFDE0A4F1ED /* Pods-javi_mobile.debug.xcconfig */ = {isa = PBXFileReference; includeInIndex = 1; lastKnownFileType = text.xcconfig; name = "Pods-javi_mobile.debug.xcconfig"; path = "Pods/Target Support Files/Pods-javi_mobile/Pods-javi_mobile.debug.xcconfig"; sourceTree = "<group>"; };
/* End PBXFileReference section */

/* Begin PBXFrameworksBuildPhase section */
		04F5FEAC2052E6D4001066CB /* Frameworks */ = {
			isa = PBXFrameworksBuildPhase;
			buildActionMask = 2147483647;
			files = (
				1C19804A503FD9A78EF44E3A /* Pods_javi_mobile.framework in Frameworks */,
			);
			runOnlyForDeploymentPostprocessing = 0;
		};
/* End PBXFrameworksBuildPhase section */

/* Begin PBXGroup section */
		04B46D5520561E1600D89833 /* Services */ = {
			isa = PBXGroup;
			children = (
				04B46D5B20561E1600D89833 /* DataService.swift */,
			);
			path = Services;
			sourceTree = "<group>";
		};
		04B46D6C20561F2300D89833 /* Models */ = {
			isa = PBXGroup;
			children = (
				04B46D6E20561F2300D89833 /* BaseModel.swift */,
				04B46D7420561F2300D89833 /* Sensor.swift */,
				04B46D7520561F2300D89833 /* Models.swift */,
				04B46D7820561F2300D89833 /* User.swift */,
			);
			path = Models;
			sourceTree = "<group>";
		};
		04F5FEA62052E6D4001066CB = {
			isa = PBXGroup;
			children = (
				04F5FEB12052E6D4001066CB /* javi_mobile */,
				04F5FEB02052E6D4001066CB /* Products */,
				4793CD079B3DF5EB79A05F1F /* Pods */,
				8535E8C80257CAB3BD48ADA7 /* Frameworks */,
			);
			sourceTree = "<group>";
		};
		04F5FEB02052E6D4001066CB /* Products */ = {
			isa = PBXGroup;
			children = (
				04F5FEAF2052E6D4001066CB /* javi_mobile.app */,
			);
			name = Products;
			sourceTree = "<group>";
		};
		04F5FEB12052E6D4001066CB /* javi_mobile */ = {
			isa = PBXGroup;
			children = (
				04B46D6C20561F2300D89833 /* Models */,
				04B46D5520561E1600D89833 /* Services */,
				04F5FEFB2052F027001066CB /* UIFonts */,
				04F5FEF42052EF90001066CB /* Utils */,
				04F5FEE52052EF50001066CB /* Extensions */,
				04F5FEE22052EE52001066CB /* ViewControllers */,
				04F5FEC62052EAFB001066CB /* Resources */,
				04F5FEB22052E6D4001066CB /* AppDelegate.swift */,
				04F5FEB62052E6D4001066CB /* Main.storyboard */,
				04F5FEB92052E6D4001066CB /* Assets.xcassets */,
				04F5FEBB2052E6D4001066CB /* LaunchScreen.storyboard */,
				04F5FEBE2052E6D4001066CB /* Info.plist */,
				04F5FEC42052E8FF001066CB /* GoogleService-Info.plist */,
			);
			path = javi_mobile;
			sourceTree = "<group>";
		};
		04F5FEC62052EAFB001066CB /* Resources */ = {
			isa = PBXGroup;
			children = (
				04F5FEC72052EB08001066CB /* Fonts */,
			);
			path = Resources;
			sourceTree = "<group>";
		};
		04F5FEC72052EB08001066CB /* Fonts */ = {
			isa = PBXGroup;
			children = (
				04F5FEC82052EB08001066CB /* Roboto-Black.ttf */,
				04F5FEC92052EB08001066CB /* Roboto-BlackItalic.ttf */,
				04F5FECA2052EB08001066CB /* Roboto-Bold.ttf */,
				04F5FECB2052EB08001066CB /* Roboto-BoldItalic.ttf */,
				04F5FECC2052EB08001066CB /* Roboto-Italic.ttf */,
				04F5FECD2052EB08001066CB /* Roboto-Light.ttf */,
				04F5FECE2052EB08001066CB /* Roboto-LightItalic.ttf */,
				04F5FECF2052EB08001066CB /* Roboto-Medium.ttf */,
				04F5FED02052EB08001066CB /* Roboto-MediumItalic.ttf */,
				04F5FED12052EB08001066CB /* Roboto-Regular.ttf */,
				04F5FED22052EB08001066CB /* Roboto-Thin.ttf */,
				04F5FED32052EB08001066CB /* Roboto-ThinItalic.ttf */,
				04F5FED42052EB08001066CB /* SF-UI-Text-Regular.otf */,
			);
			path = Fonts;
			sourceTree = "<group>";
		};
		04F5FEE22052EE52001066CB /* ViewControllers */ = {
			isa = PBXGroup;
			children = (
				04F5FEB42052E6D4001066CB /* LoginViewController.swift */,
				04F5FEE32052EE71001066CB /* MainViewController.swift */,
				04012B802053D75A003A136B /* DatePickerViewController.swift */,
			);
			path = ViewControllers;
			sourceTree = "<group>";
		};
		04F5FEE52052EF50001066CB /* Extensions */ = {
			isa = PBXGroup;
			children = (
				04F5FEE62052EF50001066CB /* Constants.swift */,
				04F5FEE72052EF50001066CB /* DateExtension.swift */,
				04F5FEE82052EF50001066CB /* Extensions.swift */,
				04F5FEE92052EF50001066CB /* NotificationHandler.swift */,
				04F5FEEA2052EF50001066CB /* SegueHandler.swift */,
				04F5FEEC2052EF50001066CB /* StoryboardHandler.swift */,
			);
			path = Extensions;
			sourceTree = "<group>";
		};
		04F5FEF42052EF90001066CB /* Utils */ = {
			isa = PBXGroup;
			children = (
				04B46D85205630B800D89833 /* BalloonMarker.swift */,
				04F5FF012052FF57001066CB /* IntAxisValueFormatter.swift */,
				04F5FEFF2052FF41001066CB /* LargeValueFormatter.swift */,
				04F5FEF52052EF90001066CB /* AsyncBlockOperation.swift */,
				04F5FEF62052EF90001066CB /* DateUtil.swift */,
				04F5FEF72052EF90001066CB /* MapUtil.swift */,
				04B46D53205532B200D89833 /* DateRange.swift */,
			);
			path = Utils;
			sourceTree = "<group>";
		};
		04F5FEFB2052F027001066CB /* UIFonts */ = {
			isa = PBXGroup;
			children = (
				04F5FEFC2052F027001066CB /* FontExtension.swift */,
			);
			path = UIFonts;
			sourceTree = "<group>";
		};
		4793CD079B3DF5EB79A05F1F /* Pods */ = {
			isa = PBXGroup;
			children = (
				C85D6DA26A3C8FFDE0A4F1ED /* Pods-javi_mobile.debug.xcconfig */,
				452BBDBF691BEF5192914841 /* Pods-javi_mobile.release.xcconfig */,
			);
			name = Pods;
			sourceTree = "<group>";
		};
		8535E8C80257CAB3BD48ADA7 /* Frameworks */ = {
			isa = PBXGroup;
			children = (
				6DD1830702489ACD39A65D50 /* Pods_javi_mobile.framework */,
			);
			name = Frameworks;
			sourceTree = "<group>";
		};
/* End PBXGroup section */

/* Begin PBXNativeTarget section */
		04F5FEAE2052E6D4001066CB /* javi_mobile */ = {
			isa = PBXNativeTarget;
			buildConfigurationList = 04F5FEC12052E6D4001066CB /* Build configuration list for PBXNativeTarget "javi_mobile" */;
			buildPhases = (
				5E5AED4C7654F3DD168A1FC7 /* [CP] Check Pods Manifest.lock */,
				04F5FEAB2052E6D4001066CB /* Sources */,
				04F5FEAC2052E6D4001066CB /* Frameworks */,
				04F5FEAD2052E6D4001066CB /* Resources */,
				4624E6287B33B76932903520 /* [CP] Embed Pods Frameworks */,
				671A93027660E827D40D8EEB /* [CP] Copy Pods Resources */,
			);
			buildRules = (
			);
			dependencies = (
			);
			name = javi_mobile;
			productName = javi_mobile;
			productReference = 04F5FEAF2052E6D4001066CB /* javi_mobile.app */;
			productType = "com.apple.product-type.application";
		};
/* End PBXNativeTarget section */

/* Begin PBXProject section */
		04F5FEA72052E6D4001066CB /* Project object */ = {
			isa = PBXProject;
			attributes = {
				LastSwiftUpdateCheck = 0920;
				LastUpgradeCheck = 0920;
				ORGANIZATIONNAME = Javi;
				TargetAttributes = {
					04F5FEAE2052E6D4001066CB = {
						CreatedOnToolsVersion = 9.2;
						ProvisioningStyle = Automatic;
					};
				};
			};
			buildConfigurationList = 04F5FEAA2052E6D4001066CB /* Build configuration list for PBXProject "javi_mobile" */;
			compatibilityVersion = "Xcode 8.0";
			developmentRegion = en;
			hasScannedForEncodings = 0;
			knownRegions = (
				en,
				Base,
			);
			mainGroup = 04F5FEA62052E6D4001066CB;
			productRefGroup = 04F5FEB02052E6D4001066CB /* Products */;
			projectDirPath = "";
			projectRoot = "";
			targets = (
				04F5FEAE2052E6D4001066CB /* javi_mobile */,
			);
		};
/* End PBXProject section */

/* Begin PBXResourcesBuildPhase section */
		04F5FEAD2052E6D4001066CB /* Resources */ = {
			isa = PBXResourcesBuildPhase;
			buildActionMask = 2147483647;
			files = (
				04F5FED72052EB08001066CB /* Roboto-Bold.ttf in Resources */,
				04F5FEE12052EB08001066CB /* SF-UI-Text-Regular.otf in Resources */,
				04F5FEDB2052EB08001066CB /* Roboto-LightItalic.ttf in Resources */,
				04F5FEDD2052EB08001066CB /* Roboto-MediumItalic.ttf in Resources */,
				04F5FED92052EB08001066CB /* Roboto-Italic.ttf in Resources */,
				04F5FEDA2052EB08001066CB /* Roboto-Light.ttf in Resources */,
				04F5FEBD2052E6D4001066CB /* LaunchScreen.storyboard in Resources */,
				04F5FED82052EB08001066CB /* Roboto-BoldItalic.ttf in Resources */,
				04F5FED62052EB08001066CB /* Roboto-BlackItalic.ttf in Resources */,
				04F5FEDF2052EB08001066CB /* Roboto-Thin.ttf in Resources */,
				04F5FEDE2052EB08001066CB /* Roboto-Regular.ttf in Resources */,
				04F5FEC52052E8FF001066CB /* GoogleService-Info.plist in Resources */,
				04F5FEDC2052EB08001066CB /* Roboto-Medium.ttf in Resources */,
				04F5FEE02052EB08001066CB /* Roboto-ThinItalic.ttf in Resources */,
				04F5FED52052EB08001066CB /* Roboto-Black.ttf in Resources */,
				04F5FEBA2052E6D4001066CB /* Assets.xcassets in Resources */,
				04F5FEB82052E6D4001066CB /* Main.storyboard in Resources */,
			);
			runOnlyForDeploymentPostprocessing = 0;
		};
/* End PBXResourcesBuildPhase section */

/* Begin PBXShellScriptBuildPhase section */
		4624E6287B33B76932903520 /* [CP] Embed Pods Frameworks */ = {
			isa = PBXShellScriptBuildPhase;
			buildActionMask = 2147483647;
			files = (
			);
			inputPaths = (
				"${SRCROOT}/Pods/Target Support Files/Pods-javi_mobile/Pods-javi_mobile-frameworks.sh",
				"${BUILT_PRODUCTS_DIR}/Charts/Charts.framework",
				"${BUILT_PRODUCTS_DIR}/GTMSessionFetcher/GTMSessionFetcher.framework",
				"${BUILT_PRODUCTS_DIR}/GoogleToolboxForMac/GoogleToolboxForMac.framework",
				"${BUILT_PRODUCTS_DIR}/MBProgressHUD/MBProgressHUD.framework",
				"${BUILT_PRODUCTS_DIR}/leveldb-library/leveldb.framework",
				"${BUILT_PRODUCTS_DIR}/nanopb/nanopb.framework",
			);
			name = "[CP] Embed Pods Frameworks";
			outputPaths = (
				"${TARGET_BUILD_DIR}/${FRAMEWORKS_FOLDER_PATH}/Charts.framework",
				"${TARGET_BUILD_DIR}/${FRAMEWORKS_FOLDER_PATH}/GTMSessionFetcher.framework",
				"${TARGET_BUILD_DIR}/${FRAMEWORKS_FOLDER_PATH}/GoogleToolboxForMac.framework",
				"${TARGET_BUILD_DIR}/${FRAMEWORKS_FOLDER_PATH}/MBProgressHUD.framework",
				"${TARGET_BUILD_DIR}/${FRAMEWORKS_FOLDER_PATH}/leveldb.framework",
				"${TARGET_BUILD_DIR}/${FRAMEWORKS_FOLDER_PATH}/nanopb.framework",
			);
			runOnlyForDeploymentPostprocessing = 0;
			shellPath = /bin/sh;
			shellScript = "\"${SRCROOT}/Pods/Target Support Files/Pods-javi_mobile/Pods-javi_mobile-frameworks.sh\"\n";
			showEnvVarsInLog = 0;
		};
		5E5AED4C7654F3DD168A1FC7 /* [CP] Check Pods Manifest.lock */ = {
			isa = PBXShellScriptBuildPhase;
			buildActionMask = 2147483647;
			files = (
			);
			inputPaths = (
				"${PODS_PODFILE_DIR_PATH}/Podfile.lock",
				"${PODS_ROOT}/Manifest.lock",
			);
			name = "[CP] Check Pods Manifest.lock";
			outputPaths = (
				"$(DERIVED_FILE_DIR)/Pods-javi_mobile-checkManifestLockResult.txt",
			);
			runOnlyForDeploymentPostprocessing = 0;
			shellPath = /bin/sh;
			shellScript = "diff \"${PODS_PODFILE_DIR_PATH}/Podfile.lock\" \"${PODS_ROOT}/Manifest.lock\" > /dev/null\nif [ $? != 0 ] ; then\n    # print error to STDERR\n    echo \"error: The sandbox is not in sync with the Podfile.lock. Run 'pod install' or update your CocoaPods installation.\" >&2\n    exit 1\nfi\n# This output is used by Xcode 'outputs' to avoid re-running this script phase.\necho \"SUCCESS\" > \"${SCRIPT_OUTPUT_FILE_0}\"\n";
			showEnvVarsInLog = 0;
		};
		671A93027660E827D40D8EEB /* [CP] Copy Pods Resources */ = {
			isa = PBXShellScriptBuildPhase;
			buildActionMask = 2147483647;
			files = (
			);
			inputPaths = (
			);
			name = "[CP] Copy Pods Resources";
			outputPaths = (
			);
			runOnlyForDeploymentPostprocessing = 0;
			shellPath = /bin/sh;
			shellScript = "\"${SRCROOT}/Pods/Target Support Files/Pods-javi_mobile/Pods-javi_mobile-resources.sh\"\n";
			showEnvVarsInLog = 0;
		};
/* End PBXShellScriptBuildPhase section */

/* Begin PBXSourcesBuildPhase section */
		04F5FEAB2052E6D4001066CB /* Sources */ = {
			isa = PBXSourcesBuildPhase;
			buildActionMask = 2147483647;
			files = (
				04F5FEF82052EF90001066CB /* AsyncBlockOperation.swift in Sources */,
				04F5FEF92052EF90001066CB /* DateUtil.swift in Sources */,
				04B46D8420561F2300D89833 /* User.swift in Sources */,
				04F5FEE42052EE71001066CB /* MainViewController.swift in Sources */,
				04B46D6620561E1600D89833 /* DataService.swift in Sources */,
				04F5FF022052FF57001066CB /* IntAxisValueFormatter.swift in Sources */,
				04F5FEF32052EF50001066CB /* StoryboardHandler.swift in Sources */,
				04B46D54205532B200D89833 /* DateRange.swift in Sources */,
				04F5FEFA2052EF90001066CB /* MapUtil.swift in Sources */,
				04F5FEEF2052EF50001066CB /* Extensions.swift in Sources */,
				04B46D7A20561F2300D89833 /* BaseModel.swift in Sources */,
				04F5FF002052FF41001066CB /* LargeValueFormatter.swift in Sources */,
				04B46D86205630B800D89833 /* BalloonMarker.swift in Sources */,
				04F5FEF02052EF50001066CB /* NotificationHandler.swift in Sources */,
				04F5FEEE2052EF50001066CB /* DateExtension.swift in Sources */,
				04F5FEF12052EF50001066CB /* SegueHandler.swift in Sources */,
				04B46D8020561F2300D89833 /* Sensor.swift in Sources */,
				04012B812053D75A003A136B /* DatePickerViewController.swift in Sources */,
				04F5FEB52052E6D4001066CB /* LoginViewController.swift in Sources */,
				04F5FEB32052E6D4001066CB /* AppDelegate.swift in Sources */,
				04F5FEFD2052F028001066CB /* FontExtension.swift in Sources */,
				04F5FEED2052EF50001066CB /* Constants.swift in Sources */,
				04B46D8120561F2300D89833 /* Models.swift in Sources */,
			);
			runOnlyForDeploymentPostprocessing = 0;
		};
/* End PBXSourcesBuildPhase section */

/* Begin PBXVariantGroup section */
		04F5FEB62052E6D4001066CB /* Main.storyboard */ = {
			isa = PBXVariantGroup;
			children = (
				04F5FEB72052E6D4001066CB /* Base */,
			);
			name = Main.storyboard;
			sourceTree = "<group>";
		};
		04F5FEBB2052E6D4001066CB /* LaunchScreen.storyboard */ = {
			isa = PBXVariantGroup;
			children = (
				04F5FEBC2052E6D4001066CB /* Base */,
			);
			name = LaunchScreen.storyboard;
			sourceTree = "<group>";
		};
/* End PBXVariantGroup section */

/* Begin XCBuildConfiguration section */
		04F5FEBF2052E6D4001066CB /* Debug */ = {
			isa = XCBuildConfiguration;
			buildSettings = {
				ALWAYS_SEARCH_USER_PATHS = NO;
				CLANG_ANALYZER_NONNULL = YES;
				CLANG_ANALYZER_NUMBER_OBJECT_CONVERSION = YES_AGGRESSIVE;
				CLANG_CXX_LANGUAGE_STANDARD = "gnu++14";
				CLANG_CXX_LIBRARY = "libc++";
				CLANG_ENABLE_MODULES = YES;
				CLANG_ENABLE_OBJC_ARC = YES;
				CLANG_WARN_BLOCK_CAPTURE_AUTORELEASING = YES;
				CLANG_WARN_BOOL_CONVERSION = YES;
				CLANG_WARN_COMMA = YES;
				CLANG_WARN_CONSTANT_CONVERSION = YES;
				CLANG_WARN_DIRECT_OBJC_ISA_USAGE = YES_ERROR;
				CLANG_WARN_DOCUMENTATION_COMMENTS = YES;
				CLANG_WARN_EMPTY_BODY = YES;
				CLANG_WARN_ENUM_CONVERSION = YES;
				CLANG_WARN_INFINITE_RECURSION = YES;
				CLANG_WARN_INT_CONVERSION = YES;
				CLANG_WARN_NON_LITERAL_NULL_CONVERSION = YES;
				CLANG_WARN_OBJC_LITERAL_CONVERSION = YES;
				CLANG_WARN_OBJC_ROOT_CLASS = YES_ERROR;
				CLANG_WARN_RANGE_LOOP_ANALYSIS = YES;
				CLANG_WARN_STRICT_PROTOTYPES = YES;
				CLANG_WARN_SUSPICIOUS_MOVE = YES;
				CLANG_WARN_UNGUARDED_AVAILABILITY = YES_AGGRESSIVE;
				CLANG_WARN_UNREACHABLE_CODE = YES;
				CLANG_WARN__DUPLICATE_METHOD_MATCH = YES;
				CODE_SIGN_IDENTITY = "iPhone Developer";
				COPY_PHASE_STRIP = NO;
				DEBUG_INFORMATION_FORMAT = dwarf;
				ENABLE_STRICT_OBJC_MSGSEND = YES;
				ENABLE_TESTABILITY = YES;
				GCC_C_LANGUAGE_STANDARD = gnu11;
				GCC_DYNAMIC_NO_PIC = NO;
				GCC_NO_COMMON_BLOCKS = YES;
				GCC_OPTIMIZATION_LEVEL = 0;
				GCC_PREPROCESSOR_DEFINITIONS = (
					"DEBUG=1",
					"$(inherited)",
				);
				GCC_WARN_64_TO_32_BIT_CONVERSION = YES;
				GCC_WARN_ABOUT_RETURN_TYPE = YES_ERROR;
				GCC_WARN_UNDECLARED_SELECTOR = YES;
				GCC_WARN_UNINITIALIZED_AUTOS = YES_AGGRESSIVE;
				GCC_WARN_UNUSED_FUNCTION = YES;
				GCC_WARN_UNUSED_VARIABLE = YES;
				IPHONEOS_DEPLOYMENT_TARGET = 11.2;
				MTL_ENABLE_DEBUG_INFO = YES;
				ONLY_ACTIVE_ARCH = YES;
				SDKROOT = iphoneos;
				SWIFT_ACTIVE_COMPILATION_CONDITIONS = DEBUG;
				SWIFT_OPTIMIZATION_LEVEL = "-Onone";
			};
			name = Debug;
		};
		04F5FEC02052E6D4001066CB /* Release */ = {
			isa = XCBuildConfiguration;
			buildSettings = {
				ALWAYS_SEARCH_USER_PATHS = NO;
				CLANG_ANALYZER_NONNULL = YES;
				CLANG_ANALYZER_NUMBER_OBJECT_CONVERSION = YES_AGGRESSIVE;
				CLANG_CXX_LANGUAGE_STANDARD = "gnu++14";
				CLANG_CXX_LIBRARY = "libc++";
				CLANG_ENABLE_MODULES = YES;
				CLANG_ENABLE_OBJC_ARC = YES;
				CLANG_WARN_BLOCK_CAPTURE_AUTORELEASING = YES;
				CLANG_WARN_BOOL_CONVERSION = YES;
				CLANG_WARN_COMMA = YES;
				CLANG_WARN_CONSTANT_CONVERSION = YES;
				CLANG_WARN_DIRECT_OBJC_ISA_USAGE = YES_ERROR;
				CLANG_WARN_DOCUMENTATION_COMMENTS = YES;
				CLANG_WARN_EMPTY_BODY = YES;
				CLANG_WARN_ENUM_CONVERSION = YES;
				CLANG_WARN_INFINITE_RECURSION = YES;
				CLANG_WARN_INT_CONVERSION = YES;
				CLANG_WARN_NON_LITERAL_NULL_CONVERSION = YES;
				CLANG_WARN_OBJC_LITERAL_CONVERSION = YES;
				CLANG_WARN_OBJC_ROOT_CLASS = YES_ERROR;
				CLANG_WARN_RANGE_LOOP_ANALYSIS = YES;
				CLANG_WARN_STRICT_PROTOTYPES = YES;
				CLANG_WARN_SUSPICIOUS_MOVE = YES;
				CLANG_WARN_UNGUARDED_AVAILABILITY = YES_AGGRESSIVE;
				CLANG_WARN_UNREACHABLE_CODE = YES;
				CLANG_WARN__DUPLICATE_METHOD_MATCH = YES;
				CODE_SIGN_IDENTITY = "iPhone Developer";
				COPY_PHASE_STRIP = NO;
				DEBUG_INFORMATION_FORMAT = "dwarf-with-dsym";
				ENABLE_NS_ASSERTIONS = NO;
				ENABLE_STRICT_OBJC_MSGSEND = YES;
				GCC_C_LANGUAGE_STANDARD = gnu11;
				GCC_NO_COMMON_BLOCKS = YES;
				GCC_WARN_64_TO_32_BIT_CONVERSION = YES;
				GCC_WARN_ABOUT_RETURN_TYPE = YES_ERROR;
				GCC_WARN_UNDECLARED_SELECTOR = YES;
				GCC_WARN_UNINITIALIZED_AUTOS = YES_AGGRESSIVE;
				GCC_WARN_UNUSED_FUNCTION = YES;
				GCC_WARN_UNUSED_VARIABLE = YES;
				IPHONEOS_DEPLOYMENT_TARGET = 11.2;
				MTL_ENABLE_DEBUG_INFO = NO;
				SDKROOT = iphoneos;
				SWIFT_OPTIMIZATION_LEVEL = "-Owholemodule";
				VALIDATE_PRODUCT = YES;
			};
			name = Release;
		};
		04F5FEC22052E6D4001066CB /* Debug */ = {
			isa = XCBuildConfiguration;
			baseConfigurationReference = C85D6DA26A3C8FFDE0A4F1ED /* Pods-javi_mobile.debug.xcconfig */;
			buildSettings = {
				ASSETCATALOG_COMPILER_APPICON_NAME = AppIcon;
				CODE_SIGN_STYLE = Automatic;
				DEVELOPMENT_TEAM = 2EX99YN5P9;
				INFOPLIST_FILE = javi_mobile/Info.plist;
				IPHONEOS_DEPLOYMENT_TARGET = 9.0;
				LD_RUNPATH_SEARCH_PATHS = "$(inherited) @executable_path/Frameworks";
				PRODUCT_BUNDLE_IDENTIFIER = "com.javi.javi-mobile";
				PRODUCT_NAME = "$(TARGET_NAME)";
				SWIFT_VERSION = 4.0;
				TARGETED_DEVICE_FAMILY = 1;
			};
			name = Debug;
		};
		04F5FEC32052E6D4001066CB /* Release */ = {
			isa = XCBuildConfiguration;
			baseConfigurationReference = 452BBDBF691BEF5192914841 /* Pods-javi_mobile.release.xcconfig */;
			buildSettings = {
				ASSETCATALOG_COMPILER_APPICON_NAME = AppIcon;
				CODE_SIGN_STYLE = Automatic;
				DEVELOPMENT_TEAM = 2EX99YN5P9;
				INFOPLIST_FILE = javi_mobile/Info.plist;
				IPHONEOS_DEPLOYMENT_TARGET = 9.0;
				LD_RUNPATH_SEARCH_PATHS = "$(inherited) @executable_path/Frameworks";
				PRODUCT_BUNDLE_IDENTIFIER = "com.javi.javi-mobile";
				PRODUCT_NAME = "$(TARGET_NAME)";
				SWIFT_VERSION = 4.0;
				TARGETED_DEVICE_FAMILY = 1;
			};
			name = Release;
		};
/* End XCBuildConfiguration section */

/* Begin XCConfigurationList section */
		04F5FEAA2052E6D4001066CB /* Build configuration list for PBXProject "javi_mobile" */ = {
			isa = XCConfigurationList;
			buildConfigurations = (
				04F5FEBF2052E6D4001066CB /* Debug */,
				04F5FEC02052E6D4001066CB /* Release */,
			);
			defaultConfigurationIsVisible = 0;
			defaultConfigurationName = Release;
		};
		04F5FEC12052E6D4001066CB /* Build configuration list for PBXNativeTarget "javi_mobile" */ = {
			isa = XCConfigurationList;
			buildConfigurations = (
				04F5FEC22052E6D4001066CB /* Debug */,
				04F5FEC32052E6D4001066CB /* Release */,
			);
			defaultConfigurationIsVisible = 0;
			defaultConfigurationName = Release;
		};
/* End XCConfigurationList section */
	};
	rootObject = 04F5FEA72052E6D4001066CB /* Project object */;
}
